
Microsoft Visual Studio Solution File, Format Version 12.00
# Visual Studio Version 17
VisualStudioVersion = 17.0.31903.59
MinimumVisualStudioVersion = 10.0.40219.1
Project("{FAE04EC0-301F-11D3-BF4B-00C04F79EFBC}") = "CollegeManagementSystem", "CollegeManagementSystem.csproj", "{B4CCBD69-FC3E-4034-9FF3-39C5ABE1F27E}"
EndProject
Global
	GlobalSection(SolutionConfigurationPlatforms) = preSolution
		Debug|Any CPU = Debug|Any CPU
		Release|Any CPU = Release|Any CPU
	EndGlobalSection
	GlobalSection(ProjectConfigurationPlatforms) = postSolution
		{B4CCBD69-FC3E-4034-9FF3-39C5ABE1F27E}.Debug|Any CPU.ActiveCfg = Debug|Any CPU
		{B4CCBD69-FC3E-4034-9FF3-39C5ABE1F27E}.Debug|Any CPU.Build.0 = Debug|Any CPU
		{B4CCBD69-FC3E-4034-9FF3-39C5ABE1F27E}.Release|Any CPU.ActiveCfg = Release|Any CPU
		{B4CCBD69-FC3E-4034-9FF3-39C5ABE1F27E}.Release|Any CPU.Build.0 = Release|Any CPU
	EndGlobalSection
	GlobalSection(SolutionProperties) = preSolution
		HideSolutionNode = FALSE
	EndGlobalSection
	GlobalSection(ExtensibilityGlobals) = postSolution
		SolutionGuid = {7F40FA1C-DA8E-4B0A-B09A-E7F18A775A2F}
	EndGlobalSection
EndGlobal
